{
    "_meta": {
        "hash": {
            "sha256": "bd4e4dd53e4b39a9dd79e90de596b13941d431b20692e013692e5e0f227e4848"
        },
        "pipfile-spec": 6,
        "requires": {
            "python_version": "3.10"
        },
        "sources": [
            {
                "name": "pypi",
                "url": "https://pypi.org/simple",
                "verify_ssl": true
            }
        ]
    },
    "default": {},
    "develop": {}
}
